// !$*UTF8*$!
{
	archiveVersion = 1;
	classes = {
	};
	objectVersion = 46;
	objects = {

/* Begin PBXBuildFile section */
		5DAF54CE1DDA46A300D88B0A /* AppDelegate.swift in Sources */ = {isa = PBXBuildFile; fileRef = 5DAF54CD1DDA46A300D88B0A /* AppDelegate.swift */; };
		5DAF54D01DDA46A300D88B0A /* EhVC.swift in Sources */ = {isa = PBXBuildFile; fileRef = 5DAF54CF1DDA46A300D88B0A /* EhVC.swift */; };
		5DAF54D21DDA46A300D88B0A /* BeVC.swift in Sources */ = {isa = PBXBuildFile; fileRef = 5DAF54D11DDA46A300D88B0A /* BeVC.swift */; };
		5DAF54D51DDA46A300D88B0A /* Main.storyboard in Resources */ = {isa = PBXBuildFile; fileRef = 5DAF54D31DDA46A300D88B0A /* Main.storyboard */; };
		5DAF54D71DDA46A300D88B0A /* Assets.xcassets in Resources */ = {isa = PBXBuildFile; fileRef = 5DAF54D61DDA46A300D88B0A /* Assets.xcassets */; };
		5DAF54DA1DDA46A300D88B0A /* LaunchScreen.storyboard in Resources */ = {isa = PBXBuildFile; fileRef = 5DAF54D81DDA46A300D88B0A /* LaunchScreen.storyboard */; };
		5DAF54E51DDA46A300D88B0A /* Git_ICE_SGTests.swift in Sources */ = {isa = PBXBuildFile; fileRef = 5DAF54E41DDA46A300D88B0A /* Git_ICE_SGTests.swift */; };
		5DAF54F01DDA46A300D88B0A /* Git_ICE_SGUITests.swift in Sources */ = {isa = PBXBuildFile; fileRef = 5DAF54EF1DDA46A300D88B0A /* Git_ICE_SGUITests.swift */; };
		5DAF54FE1DDA48BC00D88B0A /* SeaVC.swift in Sources */ = {isa = PBXBuildFile; fileRef = 5DAF54FD1DDA48BC00D88B0A /* SeaVC.swift */; };
/* End PBXBuildFile section */

/* Begin PBXContainerItemProxy section */
		5DAF54E11DDA46A300D88B0A /* PBXContainerItemProxy */ = {
			isa = PBXContainerItemProxy;
			containerPortal = 5DAF54C21DDA46A300D88B0A /* Project object */;
			proxyType = 1;
			remoteGlobalIDString = 5DAF54C91DDA46A300D88B0A;
			remoteInfo = "Git-ICE-SG";
		};
		5DAF54EC1DDA46A300D88B0A /* PBXContainerItemProxy */ = {
			isa = PBXContainerItemProxy;
			containerPortal = 5DAF54C21DDA46A300D88B0A /* Project object */;
			proxyType = 1;
			remoteGlobalIDString = 5DAF54C91DDA46A300D88B0A;
			remoteInfo = "Git-ICE-SG";
		};
/* End PBXContainerItemProxy section */

/* Begin PBXFileReference section */
		5DAF54CA1DDA46A300D88B0A /* Git-ICE-SG.app */ = {isa = PBXFileReference; explicitFileType = wrapper.application; includeInIndex = 0; path = "Git-ICE-SG.app"; sourceTree = BUILT_PRODUCTS_DIR; };
		5DAF54CD1DDA46A300D88B0A /* AppDelegate.swift */ = {isa = PBXFileReference; lastKnownFileType = sourcecode.swift; path = AppDelegate.swift; sourceTree = "<group>"; };
		5DAF54CF1DDA46A300D88B0A /* EhVC.swift */ = {isa = PBXFileReference; lastKnownFileType = sourcecode.swift; path = EhVC.swift; sourceTree = "<group>"; };
		5DAF54D11DDA46A300D88B0A /* BeVC.swift */ = {isa = PBXFileReference; lastKnownFileType = sourcecode.swift; path = BeVC.swift; sourceTree = "<group>"; };
		5DAF54D41DDA46A300D88B0A /* Base */ = {isa = PBXFileReference; lastKnownFileType = file.storyboard; name = Base; path = Base.lproj/Main.storyboard; sourceTree = "<group>"; };
		5DAF54D61DDA46A300D88B0A /* Assets.xcassets */ = {isa = PBXFileReference; lastKnownFileType = folder.assetcatalog; path = Assets.xcassets; sourceTree = "<group>"; };
		5DAF54D91DDA46A300D88B0A /* Base */ = {isa = PBXFileReference; lastKnownFileType = file.storyboard; name = Base; path = Base.lproj/LaunchScreen.storyboard; sourceTree = "<group>"; };
		5DAF54DB1DDA46A300D88B0A /* Info.plist */ = {isa = PBXFileReference; lastKnownFileType = text.plist.xml; path = Info.plist; sourceTree = "<group>"; };
		5DAF54E01DDA46A300D88B0A /* Git-ICE-SGTests.xctest */ = {isa = PBXFileReference; explicitFileType = wrapper.cfbundle; includeInIndex = 0; path = "Git-ICE-SGTests.xctest"; sourceTree = BUILT_PRODUCTS_DIR; };
		5DAF54E41DDA46A300D88B0A /* Git_ICE_SGTests.swift */ = {isa = PBXFileReference; lastKnownFileType = sourcecode.swift; path = Git_ICE_SGTests.swift; sourceTree = "<group>"; };
		5DAF54E61DDA46A300D88B0A /* Info.plist */ = {isa = PBXFileReference; lastKnownFileType = text.plist.xml; path = Info.plist; sourceTree = "<group>"; };
		5DAF54EB1DDA46A300D88B0A /* Git-ICE-SGUITests.xctest */ = {isa = PBXFileReference; explicitFileType = wrapper.cfbundle; includeInIndex = 0; path = "Git-ICE-SGUITests.xctest"; sourceTree = BUILT_PRODUCTS_DIR; };
		5DAF54EF1DDA46A300D88B0A /* Git_ICE_SGUITests.swift */ = {isa = PBXFileReference; lastKnownFileType = sourcecode.swift; path = Git_ICE_SGUITests.swift; sourceTree = "<group>"; };
		5DAF54F11DDA46A300D88B0A /* Info.plist */ = {isa = PBXFileReference; lastKnownFileType = text.plist.xml; path = Info.plist; sourceTree = "<group>"; };
		5DAF54FD1DDA48BC00D88B0A /* SeaVC.swift */ = {isa = PBXFileReference; fileEncoding = 4; lastKnownFileType = sourcecode.swift; path = SeaVC.swift; sourceTree = "<group>"; };
/* End PBXFileReference section */

/* Begin PBXFrameworksBuildPhase section */
		5DAF54C71DDA46A300D88B0A /* Frameworks */ = {
			isa = PBXFrameworksBuildPhase;
			buildActionMask = 2147483647;
			files = (
			);
			runOnlyForDeploymentPostprocessing = 0;
		};
		5DAF54DD1DDA46A300D88B0A /* Frameworks */ = {
			isa = PBXFrameworksBuildPhase;
			buildActionMask = 2147483647;
			files = (
			);
			runOnlyForDeploymentPostprocessing = 0;
		};
		5DAF54E81DDA46A300D88B0A /* Frameworks */ = {
			isa = PBXFrameworksBuildPhase;
			buildActionMask = 2147483647;
			files = (
			);
			runOnlyForDeploymentPostprocessing = 0;
		};
/* End PBXFrameworksBuildPhase section */

/* Begin PBXGroup section */
		5DAF54C11DDA46A300D88B0A = {
			isa = PBXGroup;
			children = (
				5DAF54CC1DDA46A300D88B0A /* Git-ICE-SG */,
				5DAF54E31DDA46A300D88B0A /* Git-ICE-SGTests */,
				5DAF54EE1DDA46A300D88B0A /* Git-ICE-SGUITests */,
				5DAF54CB1DDA46A300D88B0A /* Products */,
			);
			sourceTree = "<group>";
		};
		5DAF54CB1DDA46A300D88B0A /* Products */ = {
			isa = PBXGroup;
			children = (
				5DAF54CA1DDA46A300D88B0A /* Git-ICE-SG.app */,
				5DAF54E01DDA46A300D88B0A /* Git-ICE-SGTests.xctest */,
				5DAF54EB1DDA46A300D88B0A /* Git-ICE-SGUITests.xctest */,
			);
			name = Products;
			sourceTree = "<group>";
		};
		5DAF54CC1DDA46A300D88B0A /* Git-ICE-SG */ = {
			isa = PBXGroup;
			children = (
				5DAF54CD1DDA46A300D88B0A /* AppDelegate.swift */,
				5DAF54CF1DDA46A300D88B0A /* EhVC.swift */,
				5DAF54D11DDA46A300D88B0A /* BeVC.swift */,
				5DAF54D31DDA46A300D88B0A /* Main.storyboard */,
				5DAF54FD1DDA48BC00D88B0A /* SeaVC.swift */,
				5DAF54D61DDA46A300D88B0A /* Assets.xcassets */,
				5DAF54D81DDA46A300D88B0A /* LaunchScreen.storyboard */,
				5DAF54DB1DDA46A300D88B0A /* Info.plist */,
			);
			path = "Git-ICE-SG";
			sourceTree = "<group>";
		};
		5DAF54E31DDA46A300D88B0A /* Git-ICE-SGTests */ = {
			isa = PBXGroup;
			children = (
				5DAF54E41DDA46A300D88B0A /* Git_ICE_SGTests.swift */,
				5DAF54E61DDA46A300D88B0A /* Info.plist */,
			);
			path = "Git-ICE-SGTests";
			sourceTree = "<group>";
		};
		5DAF54EE1DDA46A300D88B0A /* Git-ICE-SGUITests */ = {
			isa = PBXGroup;
			children = (
				5DAF54EF1DDA46A300D88B0A /* Git_ICE_SGUITests.swift */,
				5DAF54F11DDA46A300D88B0A /* Info.plist */,
			);
			path = "Git-ICE-SGUITests";
			sourceTree = "<group>";
		};
/* End PBXGroup section */

/* Begin PBXNativeTarget section */
		5DAF54C91DDA46A300D88B0A /* Git-ICE-SG */ = {
			isa = PBXNativeTarget;
			buildConfigurationList = 5DAF54F41DDA46A300D88B0A /* Build configuration list for PBXNativeTarget "Git-ICE-SG" */;
			buildPhases = (
				5DAF54C61DDA46A300D88B0A /* Sources */,
				5DAF54C71DDA46A300D88B0A /* Frameworks */,
				5DAF54C81DDA46A300D88B0A /* Resources */,
			);
			buildRules = (
			);
			dependencies = (
			);
			name = "Git-ICE-SG";
			productName = "Git-ICE-SG";
			productReference = 5DAF54CA1DDA46A300D88B0A /* Git-ICE-SG.app */;
			productType = "com.apple.product-type.application";
		};
		5DAF54DF1DDA46A300D88B0A /* Git-ICE-SGTests */ = {
			isa = PBXNativeTarget;
			buildConfigurationList = 5DAF54F71DDA46A300D88B0A /* Build configuration list for PBXNativeTarget "Git-ICE-SGTests" */;
			buildPhases = (
				5DAF54DC1DDA46A300D88B0A /* Sources */,
				5DAF54DD1DDA46A300D88B0A /* Frameworks */,
				5DAF54DE1DDA46A300D88B0A /* Resources */,
			);
			buildRules = (
			);
			dependencies = (
				5DAF54E21DDA46A300D88B0A /* PBXTargetDependency */,
			);
			name = "Git-ICE-SGTests";
			productName = "Git-ICE-SGTests";
			productReference = 5DAF54E01DDA46A300D88B0A /* Git-ICE-SGTests.xctest */;
			productType = "com.apple.product-type.bundle.unit-test";
		};
		5DAF54EA1DDA46A300D88B0A /* Git-ICE-SGUITests */ = {
			isa = PBXNativeTarget;
			buildConfigurationList = 5DAF54FA1DDA46A300D88B0A /* Build configuration list for PBXNativeTarget "Git-ICE-SGUITests" */;
			buildPhases = (
				5DAF54E71DDA46A300D88B0A /* Sources */,
				5DAF54E81DDA46A300D88B0A /* Frameworks */,
				5DAF54E91DDA46A300D88B0A /* Resources */,
			);
			buildRules = (
			);
			dependencies = (
				5DAF54ED1DDA46A300D88B0A /* PBXTargetDependency */,
			);
			name = "Git-ICE-SGUITests";
			productName = "Git-ICE-SGUITests";
			productReference = 5DAF54EB1DDA46A300D88B0A /* Git-ICE-SGUITests.xctest */;
			productType = "com.apple.product-type.bundle.ui-testing";
		};
/* End PBXNativeTarget section */

/* Begin PBXProject section */
		5DAF54C21DDA46A300D88B0A /* Project object */ = {
			isa = PBXProject;
			attributes = {
				LastSwiftUpdateCheck = 0730;
				LastUpgradeCheck = 0730;
				ORGANIZATIONNAME = "Ganapam,Venkata Suresh Reddy";
				TargetAttributes = {
					5DAF54C91DDA46A300D88B0A = {
						CreatedOnToolsVersion = 7.3.1;
					};
					5DAF54DF1DDA46A300D88B0A = {
						CreatedOnToolsVersion = 7.3.1;
						TestTargetID = 5DAF54C91DDA46A300D88B0A;
					};
					5DAF54EA1DDA46A300D88B0A = {
						CreatedOnToolsVersion = 7.3.1;
						TestTargetID = 5DAF54C91DDA46A300D88B0A;
					};
				};
			};
			buildConfigurationList = 5DAF54C51DDA46A300D88B0A /* Build configuration list for PBXProject "Git-ICE-SG" */;
			compatibilityVersion = "Xcode 3.2";
			developmentRegion = English;
			hasScannedForEncodings = 0;
			knownRegions = (
				en,
				Base,
			);
			mainGroup = 5DAF54C11DDA46A300D88B0A;
			productRefGroup = 5DAF54CB1DDA46A300D88B0A /* Products */;
			projectDirPath = "";
			projectRoot = "";
			targets = (
				5DAF54C91DDA46A300D88B0A /* Git-ICE-SG */,
				5DAF54DF1DDA46A300D88B0A /* Git-ICE-SGTests */,
				5DAF54EA1DDA46A300D88B0A /* Git-ICE-SGUITests */,
			);
		};
/* End PBXProject section */

/* Begin PBXResourcesBuildPhase section */
		5DAF54C81DDA46A300D88B0A /* Resources */ = {
			isa = PBXResourcesBuildPhase;
			buildActionMask = 2147483647;
			files = (
				5DAF54DA1DDA46A300D88B0A /* LaunchScreen.storyboard in Resources */,
				5DAF54D71DDA46A300D88B0A /* Assets.xcassets in Resources */,
				5DAF54D51DDA46A300D88B0A /* Main.storyboard in Resources */,
			);
			runOnlyForDeploymentPostprocessing = 0;
		};
		5DAF54DE1DDA46A300D88B0A /* Resources */ = {
			isa = PBXResourcesBuildPhase;
			buildActionMask = 2147483647;
			files = (
			);
			runOnlyForDeploymentPostprocessing = 0;
		};
		5DAF54E91DDA46A300D88B0A /* Resources */ = {
			isa = PBXResourcesBuildPhase;
			buildActionMask = 2147483647;
			files = (
			);
			runOnlyForDeploymentPostprocessing = 0;
		};
/* End PBXResourcesBuildPhase section */

/* Begin PBXSourcesBuildPhase section */
		5DAF54C61DDA46A300D88B0A /* Sources */ = {
			isa = PBXSourcesBuildPhase;
			buildActionMask = 2147483647;
			files = (
				5DAF54FE1DDA48BC00D88B0A /* SeaVC.swift in Sources */,
				5DAF54D21DDA46A300D88B0A /* BeVC.swift in Sources */,
				5DAF54CE1DDA46A300D88B0A /* AppDelegate.swift in Sources */,
				5DAF54D01DDA46A300D88B0A /* EhVC.swift in Sources */,
			);
			runOnlyForDeploymentPostprocessing = 0;
		};
		5DAF54DC1DDA46A300D88B0A /* Sources */ = {
			isa = PBXSourcesBuildPhase;
			buildActionMask = 2147483647;
			files = (
				5DAF54E51DDA46A300D88B0A /* Git_ICE_SGTests.swift in Sources */,
			);
			runOnlyForDeploymentPostprocessing = 0;
		};
		5DAF54E71DDA46A300D88B0A /* Sources */ = {
			isa = PBXSourcesBuildPhase;
			buildActionMask = 2147483647;
			files = (
				5DAF54F01DDA46A300D88B0A /* Git_ICE_SGUITests.swift in Sources */,
			);
			runOnlyForDeploymentPostprocessing = 0;
		};
/* End PBXSourcesBuildPhase section */

/* Begin PBXTargetDependency section */
		5DAF54E21DDA46A300D88B0A /* PBXTargetDependency */ = {
			isa = PBXTargetDependency;
			target = 5DAF54C91DDA46A300D88B0A /* Git-ICE-SG */;
			targetProxy = 5DAF54E11DDA46A300D88B0A /* PBXContainerItemProxy */;
		};
		5DAF54ED1DDA46A300D88B0A /* PBXTargetDependency */ = {
			isa = PBXTargetDependency;
			target = 5DAF54C91DDA46A300D88B0A /* Git-ICE-SG */;
			targetProxy = 5DAF54EC1DDA46A300D88B0A /* PBXContainerItemProxy */;
		};
/* End PBXTargetDependency section */

/* Begin PBXVariantGroup section */
		5DAF54D31DDA46A300D88B0A /* Main.storyboard */ = {
			isa = PBXVariantGroup;
			children = (
				5DAF54D41DDA46A300D88B0A /* Base */,
			);
			name = Main.storyboard;
			sourceTree = "<group>";
		};
		5DAF54D81DDA46A300D88B0A /* LaunchScreen.storyboard */ = {
			isa = PBXVariantGroup;
			children = (
				5DAF54D91DDA46A300D88B0A /* Base */,
			);
			name = LaunchScreen.storyboard;
			sourceTree = "<group>";
		};
/* End PBXVariantGroup section */

/* Begin XCBuildConfiguration section */
		5DAF54F21DDA46A300D88B0A /* Debug */ = {
			isa = XCBuildConfiguration;
			buildSettings = {
				ALWAYS_SEARCH_USER_PATHS = NO;
				CLANG_ANALYZER_NONNULL = YES;
				CLANG_CXX_LANGUAGE_STANDARD = "gnu++0x";
				CLANG_CXX_LIBRARY = "libc++";
				CLANG_ENABLE_MODULES = YES;
				CLANG_ENABLE_OBJC_ARC = YES;
				CLANG_WARN_BOOL_CONVERSION = YES;
				CLANG_WARN_CONSTANT_CONVERSION = YES;
				CLANG_WARN_DIRECT_OBJC_ISA_USAGE = YES_ERROR;
				CLANG_WARN_EMPTY_BODY = YES;
				CLANG_WARN_ENUM_CONVERSION = YES;
				CLANG_WARN_INT_CONVERSION = YES;
				CLANG_WARN_OBJC_ROOT_CLASS = YES_ERROR;
				CLANG_WARN_UNREACHABLE_CODE = YES;
				CLANG_WARN__DUPLICATE_METHOD_MATCH = YES;
				"CODE_SIGN_IDENTITY[sdk=iphoneos*]" = "iPhone Developer";
				COPY_PHASE_STRIP = NO;
				DEBUG_INFORMATION_FORMAT = dwarf;
				ENABLE_STRICT_OBJC_MSGSEND = YES;
				ENABLE_TESTABILITY = YES;
				GCC_C_LANGUAGE_STANDARD = gnu99;
				GCC_DYNAMIC_NO_PIC = NO;
				GCC_NO_COMMON_BLOCKS = YES;
				GCC_OPTIMIZATION_LEVEL = 0;
				GCC_PREPROCESSOR_DEFINITIONS = (
					"DEBUG=1",
					"$(inherited)",
				);
				GCC_WARN_64_TO_32_BIT_CONVERSION = YES;
				GCC_WARN_ABOUT_RETURN_TYPE = YES_ERROR;
				GCC_WARN_UNDECLARED_SELECTOR = YES;
				GCC_WARN_UNINITIALIZED_AUTOS = YES_AGGRESSIVE;
				GCC_WARN_UNUSED_FUNCTION = YES;
				GCC_WARN_UNUSED_VARIABLE = YES;
				IPHONEOS_DEPLOYMENT_TARGET = 9.3;
				MTL_ENABLE_DEBUG_INFO = YES;
				ONLY_ACTIVE_ARCH = YES;
				SDKROOT = iphoneos;
				SWIFT_OPTIMIZATION_LEVEL = "-Onone";
				TARGETED_DEVICE_FAMILY = "1,2";
			};
			name = Debug;
		};
		5DAF54F31DDA46A300D88B0A /* Release */ = {
			isa = XCBuildConfiguration;
			buildSettings = {
				ALWAYS_SEARCH_USER_PATHS = NO;
				CLANG_ANALYZER_NONNULL = YES;
				CLANG_CXX_LANGUAGE_STANDARD = "gnu++0x";
				CLANG_CXX_LIBRARY = "libc++";
				CLANG_ENABLE_MODULES = YES;
				CLANG_ENABLE_OBJC_ARC = YES;
				CLANG_WARN_BOOL_CONVERSION = YES;
				CLANG_WARN_CONSTANT_CONVERSION = YES;
				CLANG_WARN_DIRECT_OBJC_ISA_USAGE = YES_ERROR;
				CLANG_WARN_EMPTY_BODY = YES;
				CLANG_WARN_ENUM_CONVERSION = YES;
				CLANG_WARN_INT_CONVERSION = YES;
				CLANG_WARN_OBJC_ROOT_CLASS = YES_ERROR;
				CLANG_WARN_UNREACHABLE_CODE = YES;
				CLANG_WARN__DUPLICATE_METHOD_MATCH = YES;
				"CODE_SIGN_IDENTITY[sdk=iphoneos*]" = "iPhone Developer";
				COPY_PHASE_STRIP = NO;
				DEBUG_INFORMATION_FORMAT = "dwarf-with-dsym";
				ENABLE_NS_ASSERTIONS = NO;
				ENABLE_STRICT_OBJC_MSGSEND = YES;
				GCC_C_LANGUAGE_STANDARD = gnu99;
				GCC_NO_COMMON_BLOCKS = YES;
				GCC_WARN_64_TO_32_BIT_CONVERSION = YES;
				GCC_WARN_ABOUT_RETURN_TYPE = YES_ERROR;
				GCC_WARN_UNDECLARED_SELECTOR = YES;
				GCC_WARN_UNINITIALIZED_AUTOS = YES_AGGRESSIVE;
				GCC_WARN_UNUSED_FUNCTION = YES;
				GCC_WARN_UNUSED_VARIABLE = YES;
				IPHONEOS_DEPLOYMENT_TARGET = 9.3;
				MTL_ENABLE_DEBUG_INFO = NO;
				SDKROOT = iphoneos;
				TARGETED_DEVICE_FAMILY = "1,2";
				VALIDATE_PRODUCT = YES;
			};
			name = Release;
		};
		5DAF54F51DDA46A300D88B0A /* Debug */ = {
			isa = XCBuildConfiguration;
			buildSettings = {
				ASSETCATALOG_COMPILER_APPICON_NAME = AppIcon;
				INFOPLIST_FILE = "Git-ICE-SG/Info.plist";
				LD_RUNPATH_SEARCH_PATHS = "$(inherited) @executable_path/Frameworks";
				PRODUCT_BUNDLE_IDENTIFIER = "edu.nwmissouri.Git-ICE-SG";
				PRODUCT_NAME = "$(TARGET_NAME)";
			};
			name = Debug;
		};
		5DAF54F61DDA46A300D88B0A /* Release */ = {
			isa = XCBuildConfiguration;
			buildSettings = {
				ASSETCATALOG_COMPILER_APPICON_NAME = AppIcon;
				INFOPLIST_FILE = "Git-ICE-SG/Info.plist";
				LD_RUNPATH_SEARCH_PATHS = "$(inherited) @executable_path/Frameworks";
				PRODUCT_BUNDLE_IDENTIFIER = "edu.nwmissouri.Git-ICE-SG";
				PRODUCT_NAME = "$(TARGET_NAME)";
			};
			name = Release;
		};
		5DAF54F81DDA46A300D88B0A /* Debug */ = {
			isa = XCBuildConfiguration;
			buildSettings = {
				BUNDLE_LOADER = "$(TEST_HOST)";
				INFOPLIST_FILE = "Git-ICE-SGTests/Info.plist";
				LD_RUNPATH_SEARCH_PATHS = "$(inherited) @executable_path/Frameworks @loader_path/Frameworks";
				PRODUCT_BUNDLE_IDENTIFIER = "edu.nwmissouri.Git-ICE-SGTests";
				PRODUCT_NAME = "$(TARGET_NAME)";
				TEST_HOST = "$(BUILT_PRODUCTS_DIR)/Git-ICE-SG.app/Git-ICE-SG";
			};
			name = Debug;
		};
		5DAF54F91DDA46A300D88B0A /* Release */ = {
			isa = XCBuildConfiguration;
			buildSettings = {
				BUNDLE_LOADER = "$(TEST_HOST)";
				INFOPLIST_FILE = "Git-ICE-SGTests/Info.plist";
				LD_RUNPATH_SEARCH_PATHS = "$(inherited) @executable_path/Frameworks @loader_path/Frameworks";
				PRODUCT_BUNDLE_IDENTIFIER = "edu.nwmissouri.Git-ICE-SGTests";
				PRODUCT_NAME = "$(TARGET_NAME)";
				TEST_HOST = "$(BUILT_PRODUCTS_DIR)/Git-ICE-SG.app/Git-ICE-SG";
			};
			name = Release;
		};
		5DAF54FB1DDA46A300D88B0A /* Debug */ = {
			isa = XCBuildConfiguration;
			buildSettings = {
				INFOPLIST_FILE = "Git-ICE-SGUITests/Info.plist";
				LD_RUNPATH_SEARCH_PATHS = "$(inherited) @executable_path/Frameworks @loader_path/Frameworks";
				PRODUCT_BUNDLE_IDENTIFIER = "edu.nwmissouri.Git-ICE-SGUITests";
				PRODUCT_NAME = "$(TARGET_NAME)";
				TEST_TARGET_NAME = "Git-ICE-SG";
			};
			name = Debug;
		};
		5DAF54FC1DDA46A300D88B0A /* Release */ = {
			isa = XCBuildConfiguration;
			buildSettings = {
				INFOPLIST_FILE = "Git-ICE-SGUITests/Info.plist";
				LD_RUNPATH_SEARCH_PATHS = "$(inherited) @executable_path/Frameworks @loader_path/Frameworks";
				PRODUCT_BUNDLE_IDENTIFIER = "edu.nwmissouri.Git-ICE-SGUITests";
				PRODUCT_NAME = "$(TARGET_NAME)";
				TEST_TARGET_NAME = "Git-ICE-SG";
			};
			name = Release;
		};
/* End XCBuildConfiguration section */

/* Begin XCConfigurationList section */
		5DAF54C51DDA46A300D88B0A /* Build configuration list for PBXProject "Git-ICE-SG" */ = {
			isa = XCConfigurationList;
			buildConfigurations = (
				5DAF54F21DDA46A300D88B0A /* Debug */,
				5DAF54F31DDA46A300D88B0A /* Release */,
			);
			defaultConfigurationIsVisible = 0;
			defaultConfigurationName = Release;
		};
		5DAF54F41DDA46A300D88B0A /* Build configuration list for PBXNativeTarget "Git-ICE-SG" */ = {
			isa = XCConfigurationList;
			buildConfigurations = (
				5DAF54F51DDA46A300D88B0A /* Debug */,
				5DAF54F61DDA46A300D88B0A /* Release */,
			);
			defaultConfigurationIsVisible = 0;
		};
		5DAF54F71DDA46A300D88B0A /* Build configuration list for PBXNativeTarget "Git-ICE-SGTests" */ = {
			isa = XCConfigurationList;
			buildConfigurations = (
				5DAF54F81DDA46A300D88B0A /* Debug */,
				5DAF54F91DDA46A300D88B0A /* Release */,
			);
			defaultConfigurationIsVisible = 0;
		};
		5DAF54FA1DDA46A300D88B0A /* Build configuration list for PBXNativeTarget "Git-ICE-SGUITests" */ = {
			isa = XCConfigurationList;
			buildConfigurations = (
				5DAF54FB1DDA46A300D88B0A /* Debug */,
				5DAF54FC1DDA46A300D88B0A /* Release */,
			);
			defaultConfigurationIsVisible = 0;
		};
/* End XCConfigurationList section */
	};
	rootObject = 5DAF54C21DDA46A300D88B0A /* Project object */;
}
